{
    "name": "rml-docs",
    "version": "1.0.0",
    "lockfileVersion": 1,
    "requires": true,
    "dependencies": {
        "@vuepress/plugin-active-header-links": {
            "version": "1.5.0",
            "resolved": "https://registry.npmjs.org/@vuepress/plugin-active-header-links/-/plugin-active-header-links-1.5.0.tgz",
            "integrity": "sha512-jVMOo4mgGpRe7dNopsLEsoUvQQFDIZmM1IhOJi9bsv6NLRPP3Ej2MwIYV+JQ1akSQn9zmGB8t6aO9DKRaK8J3g==",
            "dev": true,
            "requires": {
                "lodash.debounce": "^4.0.8"
            }
        },
        "@vuepress/plugin-back-to-top": {
            "version": "1.5.0",
            "resolved": "https://registry.npmjs.org/@vuepress/plugin-back-to-top/-/plugin-back-to-top-1.5.0.tgz",
            "integrity": "sha512-CXfZEj0LefJE0u32VsGlszL6nS7k7ba/M6eLIS2V1ZUXsDECwtSxiTp51gMGVG265/hAid35Lk0ZDvv2obQgfg==",
            "dev": true,
            "requires": {
                "lodash.debounce": "^4.0.8"
            }
        },
        "lodash.debounce": {
            "version": "4.0.8",
            "resolved": "https://registry.npmjs.org/lodash.debounce/-/lodash.debounce-4.0.8.tgz",
            "integrity": "sha1-gteb/zCmfEAF/9XiUVMArZyk168=",
            "dev": true
        },
        "moment": {
            "version": "2.25.3",
            "resolved": "https://registry.npmjs.org/moment/-/moment-2.25.3.tgz",
            "integrity": "sha512-PuYv0PHxZvzc15Sp8ybUCoQ+xpyPWvjOuK72a5ovzp2LI32rJXOiIfyoFoYvG3s6EwwrdkMyWuRiEHSZRLJNdg==",
            "dev": true
        }
    }
}
